{
    "name": "crawl-data",
    "lockfileVersion": 3,
    "requires": true,
    "packages": {
        "": {
            "name": "crawl-data",
            "dependencies": {
                "@dataform/core": "3.0.6"
            }
        },
        "node_modules/@dataform/core": {
            "version": "3.0.6",
            "resolved": "https://registry.npmjs.org/@dataform/core/-/core-3.0.6.tgz",
            "integrity": "sha512-C0/x4NuxrIzXMV3Ee9QRej9/2CoUn4Vq4xnjaVbZee3CP6a+iO7XlyEui/D2oiA5Ey/cUYgfl2neZj2UGmXYsQ=="
        }
    }
}
